
Microsoft Visual Studio Solution File, Format Version 12.00
# Visual Studio Version 17
VisualStudioVersion = 17.10.35004.147
MinimumVisualStudioVersion = 10.0.40219.1
Project("{FAE04EC0-301F-11D3-BF4B-00C04F79EFBC}") = "hw_06_03_2025", "hw_06_03_2025\hw_06_03_2025.csproj", "{9223E7A6-C3F7-4BB1-8A8D-60170C03E1BC}"
EndProject
Global
	GlobalSection(SolutionConfigurationPlatforms) = preSolution
		Debug|Any CPU = Debug|Any CPU
		Release|Any CPU = Release|Any CPU
	EndGlobalSection
	GlobalSection(ProjectConfigurationPlatforms) = postSolution
		{9223E7A6-C3F7-4BB1-8A8D-60170C03E1BC}.Debug|Any CPU.ActiveCfg = Debug|Any CPU
		{9223E7A6-C3F7-4BB1-8A8D-60170C03E1BC}.Debug|Any CPU.Build.0 = Debug|Any CPU
		{9223E7A6-C3F7-4BB1-8A8D-60170C03E1BC}.Release|Any CPU.ActiveCfg = Release|Any CPU
		{9223E7A6-C3F7-4BB1-8A8D-60170C03E1BC}.Release|Any CPU.Build.0 = Release|Any CPU
	EndGlobalSection
	GlobalSection(SolutionProperties) = preSolution
		HideSolutionNode = FALSE
	EndGlobalSection
	GlobalSection(ExtensibilityGlobals) = postSolution
		SolutionGuid = {3C0B43B8-2831-4E25-AE4B-D19C450F2BE3}
	EndGlobalSection
EndGlobal
